
Microsoft Visual Studio Solution File, Format Version 12.00
# Visual Studio Version 16
VisualStudioVersion = 16.0.30204.135
MinimumVisualStudioVersion = 10.0.40219.1
Project("{FAE04EC0-301F-11D3-BF4B-00C04F79EFBC}") = "ROUTEJOBS1", "ROUTEJOBS1.csproj", "{C5131282-FE0A-4B34-8096-875B693CC80A}"
EndProject
Global
	GlobalSection(SolutionConfigurationPlatforms) = preSolution
		Debug|Any CPU = Debug|Any CPU
		Release|Any CPU = Release|Any CPU
	EndGlobalSection
	GlobalSection(ProjectConfigurationPlatforms) = postSolution
		{C5131282-FE0A-4B34-8096-875B693CC80A}.Debug|Any CPU.ActiveCfg = Debug|Any CPU
		{C5131282-FE0A-4B34-8096-875B693CC80A}.Debug|Any CPU.Build.0 = Debug|Any CPU
		{C5131282-FE0A-4B34-8096-875B693CC80A}.Release|Any CPU.ActiveCfg = Release|Any CPU
		{C5131282-FE0A-4B34-8096-875B693CC80A}.Release|Any CPU.Build.0 = Release|Any CPU
	EndGlobalSection
	GlobalSection(SolutionProperties) = preSolution
		HideSolutionNode = FALSE
	EndGlobalSection
	GlobalSection(ExtensibilityGlobals) = postSolution
		SolutionGuid = {2E49EBCA-5CC0-46B0-AF58-F9993D060D70}
	EndGlobalSection
EndGlobal
